
Microsoft Visual Studio Solution File, Format Version 12.00
# Visual Studio Version 16
VisualStudioVersion = 16.0.33927.289
MinimumVisualStudioVersion = 10.0.40219.1
Project("{2150E333-8FDC-42A3-9474-1A3956D46DE8}") = "Task0", "Task0", "{9FBEECA5-C5B8-404B-A242-85F99117B799}"
EndProject
Project("{FAE04EC0-301F-11D3-BF4B-00C04F79EFBC}") = "Tyuiu.IsaevMA.Sprint3.Task0.V26", "Tyuiu.IsaevMA.Sprint3.Task0.V26\Tyuiu.IsaevMA.Sprint3.Task0.V26.csproj", "{DEA70401-3AAD-46AE-B0BA-66A2A6F055F1}"
EndProject
Project("{FAE04EC0-301F-11D3-BF4B-00C04F79EFBC}") = "Tyuiu.IsaevMA.Sprint3.Task0.V26.Test", "Tyuiu.IsaevMA.Sprint3.Task0.V26.Test\Tyuiu.IsaevMA.Sprint3.Task0.V26.Test.csproj", "{97D8DB4B-204A-4E25-9ABE-001B0397BC5C}"
EndProject
Project("{FAE04EC0-301F-11D3-BF4B-00C04F79EFBC}") = "Tyuiu.IsaevMA.Sprint3.Task0.V26.Lib", "Tyuiu.IsaevMA.Sprint3.Task0.V26.Lib\Tyuiu.IsaevMA.Sprint3.Task0.V26.Lib.csproj", "{DFFEFE68-8423-47C1-9773-B1A174CB44C1}"
EndProject
Project("{2150E333-8FDC-42A3-9474-1A3956D46DE8}") = "Task1", "Task1", "{C4507B96-D826-4B10-B774-E7149155BEC4}"
EndProject
Project("{FAE04EC0-301F-11D3-BF4B-00C04F79EFBC}") = "Tyuiu.IsaevMA.Sprint3.Task1.V17", "Tyuiu.IsaevMA.Sprint3.Task1.V17\Tyuiu.IsaevMA.Sprint3.Task1.V17.csproj", "{BB090D24-67CD-4F47-A011-7050C997B764}"
EndProject
Project("{FAE04EC0-301F-11D3-BF4B-00C04F79EFBC}") = "Tyuiu.IsaevMA.Sprint3.Task1.V17.Lib", "Tyuiu.IsaevMA.Sprint3.Task1.V17.Lib\Tyuiu.IsaevMA.Sprint3.Task1.V17.Lib.csproj", "{966EB326-42E1-4A25-99A7-A8D4A834E84B}"
EndProject
Project("{FAE04EC0-301F-11D3-BF4B-00C04F79EFBC}") = "Tyuiu.IsaevMA.Sprint3.Task1.V17.Test", "Tyuiu.IsaevMA.Sprint3.Task1.V17.Test\Tyuiu.IsaevMA.Sprint3.Task1.V17.Test.csproj", "{B0BC31A7-30EC-41FB-923B-3AD51849074A}"
EndProject
Project("{2150E333-8FDC-42A3-9474-1A3956D46DE8}") = "task2", "task2", "{46322E38-85D1-4601-9094-6C73D8615A7A}"
EndProject
Project("{FAE04EC0-301F-11D3-BF4B-00C04F79EFBC}") = "Tyuiu.IsaevMA.Sprint3.Task2.V5", "Tyuiu.IsaevMA.Sprint3.Task2.V5\Tyuiu.IsaevMA.Sprint3.Task2.V5.csproj", "{0DD03A27-22B6-4FE6-ABAB-0D2A1DE5B466}"
EndProject
Project("{FAE04EC0-301F-11D3-BF4B-00C04F79EFBC}") = "Tyuiu.IsaevMA.Sprint3.Task2.V5.Test", "Tyuiu.IsaevMA.Sprint3.Task2.V5.Test\Tyuiu.IsaevMA.Sprint3.Task2.V5.Test.csproj", "{9CE6B314-B108-4C98-9DB6-B06B30BF59C2}"
EndProject
Project("{FAE04EC0-301F-11D3-BF4B-00C04F79EFBC}") = "Tyuiu.IsaevMA.Sprint3.Task2.V5.Lib", "Tyuiu.IsaevMA.Sprint3.Task2.V5.Lib\Tyuiu.IsaevMA.Sprint3.Task2.V5.Lib.csproj", "{AB8689C1-8AD3-4AFA-B61D-A545DE9CDABA}"
EndProject
Project("{2150E333-8FDC-42A3-9474-1A3956D46DE8}") = "task3", "task3", "{91820038-D852-44B8-AB3E-335321EF4104}"
EndProject
Project("{FAE04EC0-301F-11D3-BF4B-00C04F79EFBC}") = "Tyuiu.IsaevMA.Sprint3.Task3.V9", "Tyuiu.IsaevMA.Sprint3.Task3.V9\Tyuiu.IsaevMA.Sprint3.Task3.V9.csproj", "{D311DFB7-10B5-409F-9D47-CABAF23A208A}"
EndProject
Project("{FAE04EC0-301F-11D3-BF4B-00C04F79EFBC}") = "Tyuiu.IsaevMA.Sprint3.Task3.V9.Lib", "Tyuiu.IsaevMA.Sprint3.Task3.V9.Lib\Tyuiu.IsaevMA.Sprint3.Task3.V9.Lib.csproj", "{342BF63C-EC06-4E14-ADA9-1C392D82C518}"
EndProject
Project("{FAE04EC0-301F-11D3-BF4B-00C04F79EFBC}") = "Tyuiu.IsaevMA.Sprint3.Task3.V9.Test", "Tyuiu.IsaevMA.Sprint3.Task3.V9.Test\Tyuiu.IsaevMA.Sprint3.Task3.V9.Test.csproj", "{6C4B8FD1-9163-4F7D-AA35-DB3AAC9EC945}"
EndProject
Project("{2150E333-8FDC-42A3-9474-1A3956D46DE8}") = "task4", "task4", "{08ADF739-569D-4A19-B2A2-E52B220E7A19}"
EndProject
Project("{2150E333-8FDC-42A3-9474-1A3956D46DE8}") = "task5", "task5", "{D15A40E7-181A-4F94-A147-1DDEBAD192C4}"
EndProject
Project("{2150E333-8FDC-42A3-9474-1A3956D46DE8}") = "task6", "task6", "{167A8CEF-9B05-4AD3-AABF-26C10BF9E1FC}"
EndProject
Project("{2150E333-8FDC-42A3-9474-1A3956D46DE8}") = "task7", "task7", "{02A46BAC-DA2F-408D-ABEB-E56BD372D9D8}"
EndProject
Project("{FAE04EC0-301F-11D3-BF4B-00C04F79EFBC}") = "Tyuiu.IsaevMA.Sprint3.Task4.V27", "Tyuiu.IsaevMA.Sprint3.Task4.V27\Tyuiu.IsaevMA.Sprint3.Task4.V27.csproj", "{51E3CB4B-376C-4873-A952-98A88111818A}"
EndProject
Project("{FAE04EC0-301F-11D3-BF4B-00C04F79EFBC}") = "Tyuiu.IsaevMA.Sprint3.Task4.V27.Test", "Tyuiu.IsaevMA.Sprint3.Task4.V27.Test\Tyuiu.IsaevMA.Sprint3.Task4.V27.Test.csproj", "{AD51E9DD-288D-4F08-BB18-5AAE1FDF9271}"
EndProject
Project("{FAE04EC0-301F-11D3-BF4B-00C04F79EFBC}") = "Tyuiu.IsaevMA.Sprint3.Task4.V27.Lib", "Tyuiu.IsaevMA.Sprint3.Task4.V27.Lib\Tyuiu.IsaevMA.Sprint3.Task4.V27.Lib.csproj", "{FFBA7C2B-7C34-433E-B677-4A99001213B5}"
EndProject
Project("{FAE04EC0-301F-11D3-BF4B-00C04F79EFBC}") = "Tyuiu.IsaevMA.Sprint3.Task5.V5", "Tyuiu.IsaevMA.Sprint3.Task5.V5\Tyuiu.IsaevMA.Sprint3.Task5.V5.csproj", "{1C264778-8E63-495A-A1A4-18767D9622C3}"
EndProject
Project("{FAE04EC0-301F-11D3-BF4B-00C04F79EFBC}") = "Tyuiu.IsaevMA.Sprint3.Task5.V5.Lib", "Tyuiu.IsaevMA.Sprint3.Task5.V5.Lib\Tyuiu.IsaevMA.Sprint3.Task5.V5.Lib.csproj", "{8EA5BC73-27F5-4D05-8432-3C26E42E9BA1}"
EndProject
Project("{FAE04EC0-301F-11D3-BF4B-00C04F79EFBC}") = "Tyuiu.IsaevMA.Sprint3.Task5.V5.Test", "Tyuiu.IsaevMA.Sprint3.Task5.V5.Test\Tyuiu.IsaevMA.Sprint3.Task5.V5.Test.csproj", "{A60E08FE-35E2-4B44-81D2-81D6D4F7A959}"
EndProject
Project("{FAE04EC0-301F-11D3-BF4B-00C04F79EFBC}") = "Tyuiu.IsaevMA.Sprint3.Task6.V5", "Tyuiu.IsaevMA.Sprint3.Task6.V5\Tyuiu.IsaevMA.Sprint3.Task6.V5.csproj", "{23D24A83-A0AD-4A11-AEAE-69293729EB43}"
EndProject
Project("{FAE04EC0-301F-11D3-BF4B-00C04F79EFBC}") = "Tyuiu.IsaevMA.Sprint3.Task6.V5.Lib", "Tyuiu.IsaevMA.Sprint3.Task6.V5.Lib\Tyuiu.IsaevMA.Sprint3.Task6.V5.Lib.csproj", "{D9142BFE-0142-46ED-A43B-C9F01A1AA185}"
EndProject
Project("{FAE04EC0-301F-11D3-BF4B-00C04F79EFBC}") = "Tyuiu.IsaevMA.Sprint3.Task6.V5.Test", "Tyuiu.IsaevMA.Sprint3.Task6.V5.Test\Tyuiu.IsaevMA.Sprint3.Task6.V5.Test.csproj", "{2EE51594-B393-44AC-A825-2C19AEDE745A}"
EndProject
Project("{FAE04EC0-301F-11D3-BF4B-00C04F79EFBC}") = "Tyuiu.IsaevMA.Sprint3.Task7.V3", "Tyuiu.IsaevMA.Sprint3.Task7.V3\Tyuiu.IsaevMA.Sprint3.Task7.V3.csproj", "{FD48BA65-6D89-4F3C-BFCE-125EDC9295BA}"
EndProject
Project("{FAE04EC0-301F-11D3-BF4B-00C04F79EFBC}") = "Tyuiu.IsaevMA.Sprint3.Task7.V3.Lib", "Tyuiu.IsaevMA.Sprint3.Task7.V3.Lib\Tyuiu.IsaevMA.Sprint3.Task7.V3.Lib.csproj", "{83C186FE-5EDC-425B-A9B3-71CA42E0E774}"
EndProject
Project("{FAE04EC0-301F-11D3-BF4B-00C04F79EFBC}") = "Tyuiu.IsaevMA.Sprint3.Task7.V3.Test", "Tyuiu.IsaevMA.Sprint3.Task7.V3.Test\Tyuiu.IsaevMA.Sprint3.Task7.V3.Test.csproj", "{342CDCD5-FFB4-486A-8586-1415E3F6A7AC}"
EndProject
Project("{2150E333-8FDC-42A3-9474-1A3956D46DE8}") = "SprintReview", "SprintReview", "{9F8FA51C-13FE-4F55-8A27-FC1B94BB7191}"
EndProject
Project("{FAE04EC0-301F-11D3-BF4B-00C04F79EFBC}") = "Tyuiu.IsaevMA.Sprint3.SprintReview.V27", "Tyuiu.IsaevMA.Sprint3.SprintReview.V27\Tyuiu.IsaevMA.Sprint3.SprintReview.V27.csproj", "{958CD064-B6A7-4B47-952D-F41B91931521}"
EndProject
Project("{FAE04EC0-301F-11D3-BF4B-00C04F79EFBC}") = "Tyuiu.IsaevMA.Sprint3.SprintReview.V27.Test", "Tyuiu.IsaevMA.Sprint3.SprintReview.V27.Test\Tyuiu.IsaevMA.Sprint3.SprintReview.V27.Test.csproj", "{F09E872E-F251-46F6-A2D7-F7437DC7D449}"
EndProject
Project("{FAE04EC0-301F-11D3-BF4B-00C04F79EFBC}") = "Tyuiu.IsaevMA.Sprint3.SprintReview.V27.Lib", "Tyuiu.IsaevMA.Sprint3.SprintReview.V27.Lib\Tyuiu.IsaevMA.Sprint3.SprintReview.V27.Lib.csproj", "{F11EBA57-FBF9-4E6C-A96C-44A3E232283E}"
EndProject
Global
	GlobalSection(SolutionConfigurationPlatforms) = preSolution
		Debug|Any CPU = Debug|Any CPU
		Release|Any CPU = Release|Any CPU
	EndGlobalSection
	GlobalSection(ProjectConfigurationPlatforms) = postSolution
		{DEA70401-3AAD-46AE-B0BA-66A2A6F055F1}.Debug|Any CPU.ActiveCfg = Debug|Any CPU
		{DEA70401-3AAD-46AE-B0BA-66A2A6F055F1}.Debug|Any CPU.Build.0 = Debug|Any CPU
		{DEA70401-3AAD-46AE-B0BA-66A2A6F055F1}.Release|Any CPU.ActiveCfg = Release|Any CPU
		{DEA70401-3AAD-46AE-B0BA-66A2A6F055F1}.Release|Any CPU.Build.0 = Release|Any CPU
		{97D8DB4B-204A-4E25-9ABE-001B0397BC5C}.Debug|Any CPU.ActiveCfg = Debug|Any CPU
		{97D8DB4B-204A-4E25-9ABE-001B0397BC5C}.Debug|Any CPU.Build.0 = Debug|Any CPU
		{97D8DB4B-204A-4E25-9ABE-001B0397BC5C}.Release|Any CPU.ActiveCfg = Release|Any CPU
		{97D8DB4B-204A-4E25-9ABE-001B0397BC5C}.Release|Any CPU.Build.0 = Release|Any CPU
		{DFFEFE68-8423-47C1-9773-B1A174CB44C1}.Debug|Any CPU.ActiveCfg = Debug|Any CPU
		{DFFEFE68-8423-47C1-9773-B1A174CB44C1}.Debug|Any CPU.Build.0 = Debug|Any CPU
		{DFFEFE68-8423-47C1-9773-B1A174CB44C1}.Release|Any CPU.ActiveCfg = Release|Any CPU
		{DFFEFE68-8423-47C1-9773-B1A174CB44C1}.Release|Any CPU.Build.0 = Release|Any CPU
		{BB090D24-67CD-4F47-A011-7050C997B764}.Debug|Any CPU.ActiveCfg = Debug|Any CPU
		{BB090D24-67CD-4F47-A011-7050C997B764}.Debug|Any CPU.Build.0 = Debug|Any CPU
		{BB090D24-67CD-4F47-A011-7050C997B764}.Release|Any CPU.ActiveCfg = Release|Any CPU
		{BB090D24-67CD-4F47-A011-7050C997B764}.Release|Any CPU.Build.0 = Release|Any CPU
		{966EB326-42E1-4A25-99A7-A8D4A834E84B}.Debug|Any CPU.ActiveCfg = Debug|Any CPU
		{966EB326-42E1-4A25-99A7-A8D4A834E84B}.Debug|Any CPU.Build.0 = Debug|Any CPU
		{966EB326-42E1-4A25-99A7-A8D4A834E84B}.Release|Any CPU.ActiveCfg = Release|Any CPU
		{966EB326-42E1-4A25-99A7-A8D4A834E84B}.Release|Any CPU.Build.0 = Release|Any CPU
		{B0BC31A7-30EC-41FB-923B-3AD51849074A}.Debug|Any CPU.ActiveCfg = Debug|Any CPU
		{B0BC31A7-30EC-41FB-923B-3AD51849074A}.Debug|Any CPU.Build.0 = Debug|Any CPU
		{B0BC31A7-30EC-41FB-923B-3AD51849074A}.Release|Any CPU.ActiveCfg = Release|Any CPU
		{B0BC31A7-30EC-41FB-923B-3AD51849074A}.Release|Any CPU.Build.0 = Release|Any CPU
		{0DD03A27-22B6-4FE6-ABAB-0D2A1DE5B466}.Debug|Any CPU.ActiveCfg = Debug|Any CPU
		{0DD03A27-22B6-4FE6-ABAB-0D2A1DE5B466}.Debug|Any CPU.Build.0 = Debug|Any CPU
		{0DD03A27-22B6-4FE6-ABAB-0D2A1DE5B466}.Release|Any CPU.ActiveCfg = Release|Any CPU
		{0DD03A27-22B6-4FE6-ABAB-0D2A1DE5B466}.Release|Any CPU.Build.0 = Release|Any CPU
		{9CE6B314-B108-4C98-9DB6-B06B30BF59C2}.Debug|Any CPU.ActiveCfg = Debug|Any CPU
		{9CE6B314-B108-4C98-9DB6-B06B30BF59C2}.Debug|Any CPU.Build.0 = Debug|Any CPU
		{9CE6B314-B108-4C98-9DB6-B06B30BF59C2}.Release|Any CPU.ActiveCfg = Release|Any CPU
		{9CE6B314-B108-4C98-9DB6-B06B30BF59C2}.Release|Any CPU.Build.0 = Release|Any CPU
		{AB8689C1-8AD3-4AFA-B61D-A545DE9CDABA}.Debug|Any CPU.ActiveCfg = Debug|Any CPU
		{AB8689C1-8AD3-4AFA-B61D-A545DE9CDABA}.Debug|Any CPU.Build.0 = Debug|Any CPU
		{AB8689C1-8AD3-4AFA-B61D-A545DE9CDABA}.Release|Any CPU.ActiveCfg = Release|Any CPU
		{AB8689C1-8AD3-4AFA-B61D-A545DE9CDABA}.Release|Any CPU.Build.0 = Release|Any CPU
		{D311DFB7-10B5-409F-9D47-CABAF23A208A}.Debug|Any CPU.ActiveCfg = Debug|Any CPU
		{D311DFB7-10B5-409F-9D47-CABAF23A208A}.Debug|Any CPU.Build.0 = Debug|Any CPU
		{D311DFB7-10B5-409F-9D47-CABAF23A208A}.Release|Any CPU.ActiveCfg = Release|Any CPU
		{D311DFB7-10B5-409F-9D47-CABAF23A208A}.Release|Any CPU.Build.0 = Release|Any CPU
		{342BF63C-EC06-4E14-ADA9-1C392D82C518}.Debug|Any CPU.ActiveCfg = Debug|Any CPU
		{342BF63C-EC06-4E14-ADA9-1C392D82C518}.Debug|Any CPU.Build.0 = Debug|Any CPU
		{342BF63C-EC06-4E14-ADA9-1C392D82C518}.Release|Any CPU.ActiveCfg = Release|Any CPU
		{342BF63C-EC06-4E14-ADA9-1C392D82C518}.Release|Any CPU.Build.0 = Release|Any CPU
		{6C4B8FD1-9163-4F7D-AA35-DB3AAC9EC945}.Debug|Any CPU.ActiveCfg = Debug|Any CPU
		{6C4B8FD1-9163-4F7D-AA35-DB3AAC9EC945}.Debug|Any CPU.Build.0 = Debug|Any CPU
		{6C4B8FD1-9163-4F7D-AA35-DB3AAC9EC945}.Release|Any CPU.ActiveCfg = Release|Any CPU
		{6C4B8FD1-9163-4F7D-AA35-DB3AAC9EC945}.Release|Any CPU.Build.0 = Release|Any CPU
		{51E3CB4B-376C-4873-A952-98A88111818A}.Debug|Any CPU.ActiveCfg = Debug|Any CPU
		{51E3CB4B-376C-4873-A952-98A88111818A}.Debug|Any CPU.Build.0 = Debug|Any CPU
		{51E3CB4B-376C-4873-A952-98A88111818A}.Release|Any CPU.ActiveCfg = Release|Any CPU
		{51E3CB4B-376C-4873-A952-98A88111818A}.Release|Any CPU.Build.0 = Release|Any CPU
		{AD51E9DD-288D-4F08-BB18-5AAE1FDF9271}.Debug|Any CPU.ActiveCfg = Debug|Any CPU
		{AD51E9DD-288D-4F08-BB18-5AAE1FDF9271}.Debug|Any CPU.Build.0 = Debug|Any CPU
		{AD51E9DD-288D-4F08-BB18-5AAE1FDF9271}.Release|Any CPU.ActiveCfg = Release|Any CPU
		{AD51E9DD-288D-4F08-BB18-5AAE1FDF9271}.Release|Any CPU.Build.0 = Release|Any CPU
		{FFBA7C2B-7C34-433E-B677-4A99001213B5}.Debug|Any CPU.ActiveCfg = Debug|Any CPU
		{FFBA7C2B-7C34-433E-B677-4A99001213B5}.Debug|Any CPU.Build.0 = Debug|Any CPU
		{FFBA7C2B-7C34-433E-B677-4A99001213B5}.Release|Any CPU.ActiveCfg = Release|Any CPU
		{FFBA7C2B-7C34-433E-B677-4A99001213B5}.Release|Any CPU.Build.0 = Release|Any CPU
		{1C264778-8E63-495A-A1A4-18767D9622C3}.Debug|Any CPU.ActiveCfg = Debug|Any CPU
		{1C264778-8E63-495A-A1A4-18767D9622C3}.Debug|Any CPU.Build.0 = Debug|Any CPU
		{1C264778-8E63-495A-A1A4-18767D9622C3}.Release|Any CPU.ActiveCfg = Release|Any CPU
		{1C264778-8E63-495A-A1A4-18767D9622C3}.Release|Any CPU.Build.0 = Release|Any CPU
		{8EA5BC73-27F5-4D05-8432-3C26E42E9BA1}.Debug|Any CPU.ActiveCfg = Debug|Any CPU
		{8EA5BC73-27F5-4D05-8432-3C26E42E9BA1}.Debug|Any CPU.Build.0 = Debug|Any CPU
		{8EA5BC73-27F5-4D05-8432-3C26E42E9BA1}.Release|Any CPU.ActiveCfg = Release|Any CPU
		{8EA5BC73-27F5-4D05-8432-3C26E42E9BA1}.Release|Any CPU.Build.0 = Release|Any CPU
		{A60E08FE-35E2-4B44-81D2-81D6D4F7A959}.Debug|Any CPU.ActiveCfg = Debug|Any CPU
		{A60E08FE-35E2-4B44-81D2-81D6D4F7A959}.Debug|Any CPU.Build.0 = Debug|Any CPU
		{A60E08FE-35E2-4B44-81D2-81D6D4F7A959}.Release|Any CPU.ActiveCfg = Release|Any CPU
		{A60E08FE-35E2-4B44-81D2-81D6D4F7A959}.Release|Any CPU.Build.0 = Release|Any CPU
		{23D24A83-A0AD-4A11-AEAE-69293729EB43}.Debug|Any CPU.ActiveCfg = Debug|Any CPU
		{23D24A83-A0AD-4A11-AEAE-69293729EB43}.Debug|Any CPU.Build.0 = Debug|Any CPU
		{23D24A83-A0AD-4A11-AEAE-69293729EB43}.Release|Any CPU.ActiveCfg = Release|Any CPU
		{23D24A83-A0AD-4A11-AEAE-69293729EB43}.Release|Any CPU.Build.0 = Release|Any CPU
		{D9142BFE-0142-46ED-A43B-C9F01A1AA185}.Debug|Any CPU.ActiveCfg = Debug|Any CPU
		{D9142BFE-0142-46ED-A43B-C9F01A1AA185}.Debug|Any CPU.Build.0 = Debug|Any CPU
		{D9142BFE-0142-46ED-A43B-C9F01A1AA185}.Release|Any CPU.ActiveCfg = Release|Any CPU
		{D9142BFE-0142-46ED-A43B-C9F01A1AA185}.Release|Any CPU.Build.0 = Release|Any CPU
		{2EE51594-B393-44AC-A825-2C19AEDE745A}.Debug|Any CPU.ActiveCfg = Debug|Any CPU
		{2EE51594-B393-44AC-A825-2C19AEDE745A}.Debug|Any CPU.Build.0 = Debug|Any CPU
		{2EE51594-B393-44AC-A825-2C19AEDE745A}.Release|Any CPU.ActiveCfg = Release|Any CPU
		{2EE51594-B393-44AC-A825-2C19AEDE745A}.Release|Any CPU.Build.0 = Release|Any CPU
		{FD48BA65-6D89-4F3C-BFCE-125EDC9295BA}.Debug|Any CPU.ActiveCfg = Debug|Any CPU
		{FD48BA65-6D89-4F3C-BFCE-125EDC9295BA}.Debug|Any CPU.Build.0 = Debug|Any CPU
		{FD48BA65-6D89-4F3C-BFCE-125EDC9295BA}.Release|Any CPU.ActiveCfg = Release|Any CPU
		{FD48BA65-6D89-4F3C-BFCE-125EDC9295BA}.Release|Any CPU.Build.0 = Release|Any CPU
		{83C186FE-5EDC-425B-A9B3-71CA42E0E774}.Debug|Any CPU.ActiveCfg = Debug|Any CPU
		{83C186FE-5EDC-425B-A9B3-71CA42E0E774}.Debug|Any CPU.Build.0 = Debug|Any CPU
		{83C186FE-5EDC-425B-A9B3-71CA42E0E774}.Release|Any CPU.ActiveCfg = Release|Any CPU
		{83C186FE-5EDC-425B-A9B3-71CA42E0E774}.Release|Any CPU.Build.0 = Release|Any CPU
		{342CDCD5-FFB4-486A-8586-1415E3F6A7AC}.Debug|Any CPU.ActiveCfg = Debug|Any CPU
		{342CDCD5-FFB4-486A-8586-1415E3F6A7AC}.Debug|Any CPU.Build.0 = Debug|Any CPU
		{342CDCD5-FFB4-486A-8586-1415E3F6A7AC}.Release|Any CPU.ActiveCfg = Release|Any CPU
		{342CDCD5-FFB4-486A-8586-1415E3F6A7AC}.Release|Any CPU.Build.0 = Release|Any CPU
		{958CD064-B6A7-4B47-952D-F41B91931521}.Debug|Any CPU.ActiveCfg = Debug|Any CPU
		{958CD064-B6A7-4B47-952D-F41B91931521}.Debug|Any CPU.Build.0 = Debug|Any CPU
		{958CD064-B6A7-4B47-952D-F41B91931521}.Release|Any CPU.ActiveCfg = Release|Any CPU
		{958CD064-B6A7-4B47-952D-F41B91931521}.Release|Any CPU.Build.0 = Release|Any CPU
		{F09E872E-F251-46F6-A2D7-F7437DC7D449}.Debug|Any CPU.ActiveCfg = Debug|Any CPU
		{F09E872E-F251-46F6-A2D7-F7437DC7D449}.Debug|Any CPU.Build.0 = Debug|Any CPU
		{F09E872E-F251-46F6-A2D7-F7437DC7D449}.Release|Any CPU.ActiveCfg = Release|Any CPU
		{F09E872E-F251-46F6-A2D7-F7437DC7D449}.Release|Any CPU.Build.0 = Release|Any CPU
		{F11EBA57-FBF9-4E6C-A96C-44A3E232283E}.Debug|Any CPU.ActiveCfg = Debug|Any CPU
		{F11EBA57-FBF9-4E6C-A96C-44A3E232283E}.Debug|Any CPU.Build.0 = Debug|Any CPU
		{F11EBA57-FBF9-4E6C-A96C-44A3E232283E}.Release|Any CPU.ActiveCfg = Release|Any CPU
		{F11EBA57-FBF9-4E6C-A96C-44A3E232283E}.Release|Any CPU.Build.0 = Release|Any CPU
	EndGlobalSection
	GlobalSection(SolutionProperties) = preSolution
		HideSolutionNode = FALSE
	EndGlobalSection
	GlobalSection(NestedProjects) = preSolution
		{DEA70401-3AAD-46AE-B0BA-66A2A6F055F1} = {9FBEECA5-C5B8-404B-A242-85F99117B799}
		{97D8DB4B-204A-4E25-9ABE-001B0397BC5C} = {9FBEECA5-C5B8-404B-A242-85F99117B799}
		{DFFEFE68-8423-47C1-9773-B1A174CB44C1} = {9FBEECA5-C5B8-404B-A242-85F99117B799}
		{BB090D24-67CD-4F47-A011-7050C997B764} = {C4507B96-D826-4B10-B774-E7149155BEC4}
		{966EB326-42E1-4A25-99A7-A8D4A834E84B} = {C4507B96-D826-4B10-B774-E7149155BEC4}
		{B0BC31A7-30EC-41FB-923B-3AD51849074A} = {C4507B96-D826-4B10-B774-E7149155BEC4}
		{0DD03A27-22B6-4FE6-ABAB-0D2A1DE5B466} = {46322E38-85D1-4601-9094-6C73D8615A7A}
		{9CE6B314-B108-4C98-9DB6-B06B30BF59C2} = {46322E38-85D1-4601-9094-6C73D8615A7A}
		{AB8689C1-8AD3-4AFA-B61D-A545DE9CDABA} = {46322E38-85D1-4601-9094-6C73D8615A7A}
		{D311DFB7-10B5-409F-9D47-CABAF23A208A} = {91820038-D852-44B8-AB3E-335321EF4104}
		{342BF63C-EC06-4E14-ADA9-1C392D82C518} = {91820038-D852-44B8-AB3E-335321EF4104}
		{6C4B8FD1-9163-4F7D-AA35-DB3AAC9EC945} = {91820038-D852-44B8-AB3E-335321EF4104}
		{51E3CB4B-376C-4873-A952-98A88111818A} = {08ADF739-569D-4A19-B2A2-E52B220E7A19}
		{AD51E9DD-288D-4F08-BB18-5AAE1FDF9271} = {08ADF739-569D-4A19-B2A2-E52B220E7A19}
		{FFBA7C2B-7C34-433E-B677-4A99001213B5} = {08ADF739-569D-4A19-B2A2-E52B220E7A19}
		{1C264778-8E63-495A-A1A4-18767D9622C3} = {D15A40E7-181A-4F94-A147-1DDEBAD192C4}
		{8EA5BC73-27F5-4D05-8432-3C26E42E9BA1} = {D15A40E7-181A-4F94-A147-1DDEBAD192C4}
		{A60E08FE-35E2-4B44-81D2-81D6D4F7A959} = {D15A40E7-181A-4F94-A147-1DDEBAD192C4}
		{23D24A83-A0AD-4A11-AEAE-69293729EB43} = {167A8CEF-9B05-4AD3-AABF-26C10BF9E1FC}
		{D9142BFE-0142-46ED-A43B-C9F01A1AA185} = {167A8CEF-9B05-4AD3-AABF-26C10BF9E1FC}
		{2EE51594-B393-44AC-A825-2C19AEDE745A} = {167A8CEF-9B05-4AD3-AABF-26C10BF9E1FC}
		{FD48BA65-6D89-4F3C-BFCE-125EDC9295BA} = {02A46BAC-DA2F-408D-ABEB-E56BD372D9D8}
		{83C186FE-5EDC-425B-A9B3-71CA42E0E774} = {02A46BAC-DA2F-408D-ABEB-E56BD372D9D8}
		{342CDCD5-FFB4-486A-8586-1415E3F6A7AC} = {02A46BAC-DA2F-408D-ABEB-E56BD372D9D8}
		{958CD064-B6A7-4B47-952D-F41B91931521} = {9F8FA51C-13FE-4F55-8A27-FC1B94BB7191}
		{F09E872E-F251-46F6-A2D7-F7437DC7D449} = {9F8FA51C-13FE-4F55-8A27-FC1B94BB7191}
		{F11EBA57-FBF9-4E6C-A96C-44A3E232283E} = {9F8FA51C-13FE-4F55-8A27-FC1B94BB7191}
	EndGlobalSection
	GlobalSection(ExtensibilityGlobals) = postSolution
		SolutionGuid = {559BD938-1A81-4431-99B4-A97EA32A49A6}
	EndGlobalSection
EndGlobal
